
Microsoft Visual Studio Solution File, Format Version 12.00
# Visual Studio Version 16
VisualStudioVersion = 16.0.31321.278
MinimumVisualStudioVersion = 10.0.40219.1
Project("{FAE04EC0-301F-11D3-BF4B-00C04F79EFBC}") = "ProteusFinalProject", "ProteusFinalProject\ProteusFinalProject.csproj", "{DC55556F-96C3-4368-BB8C-60E6B46367E7}"
EndProject
Global
	GlobalSection(SolutionConfigurationPlatforms) = preSolution
		Debug|Any CPU = Debug|Any CPU
		Release|Any CPU = Release|Any CPU
	EndGlobalSection
	GlobalSection(ProjectConfigurationPlatforms) = postSolution
		{DC55556F-96C3-4368-BB8C-60E6B46367E7}.Debug|Any CPU.ActiveCfg = Debug|Any CPU
		{DC55556F-96C3-4368-BB8C-60E6B46367E7}.Debug|Any CPU.Build.0 = Debug|Any CPU
		{DC55556F-96C3-4368-BB8C-60E6B46367E7}.Release|Any CPU.ActiveCfg = Release|Any CPU
		{DC55556F-96C3-4368-BB8C-60E6B46367E7}.Release|Any CPU.Build.0 = Release|Any CPU
	EndGlobalSection
	GlobalSection(SolutionProperties) = preSolution
		HideSolutionNode = FALSE
	EndGlobalSection
	GlobalSection(ExtensibilityGlobals) = postSolution
		SolutionGuid = {A1D52C23-07C1-4BB9-97F3-E6E03836A8B9}
	EndGlobalSection
EndGlobal
